
Microsoft Visual Studio Solution File, Format Version 12.00
# Visual Studio 15
VisualStudioVersion = 15.0.34930.48
MinimumVisualStudioVersion = 10.0.40219.1
Project("{FAE04EC0-301F-11D3-BF4B-00C04F79EFBC}") = "ejercicio3", "ejercicio3\ejercicio3.csproj", "{72A7C0D8-E624-42CD-B06C-69ECCAB2213A}"
EndProject
Global
	GlobalSection(SolutionConfigurationPlatforms) = preSolution
		Debug|Any CPU = Debug|Any CPU
		Release|Any CPU = Release|Any CPU
	EndGlobalSection
	GlobalSection(ProjectConfigurationPlatforms) = postSolution
		{72A7C0D8-E624-42CD-B06C-69ECCAB2213A}.Debug|Any CPU.ActiveCfg = Debug|Any CPU
		{72A7C0D8-E624-42CD-B06C-69ECCAB2213A}.Debug|Any CPU.Build.0 = Debug|Any CPU
		{72A7C0D8-E624-42CD-B06C-69ECCAB2213A}.Release|Any CPU.ActiveCfg = Release|Any CPU
		{72A7C0D8-E624-42CD-B06C-69ECCAB2213A}.Release|Any CPU.Build.0 = Release|Any CPU
	EndGlobalSection
	GlobalSection(SolutionProperties) = preSolution
		HideSolutionNode = FALSE
	EndGlobalSection
	GlobalSection(ExtensibilityGlobals) = postSolution
		SolutionGuid = {62AD9F6A-942F-453C-A200-194179C8DE3E}
	EndGlobalSection
EndGlobal
